
Microsoft Visual Studio Solution File, Format Version 12.00
# Visual Studio Version 16
VisualStudioVersion = 16.0.32228.343
MinimumVisualStudioVersion = 10.0.40219.1
Project("{FAE04EC0-301F-11D3-BF4B-00C04F79EFBC}") = "WebApplication2019", "WebApplication2019\WebApplication2019.csproj", "{9ECCCCDB-DDC5-4DD5-9B5E-7B95544AB85D}"
EndProject
Global
	GlobalSection(SolutionConfigurationPlatforms) = preSolution
		Debug|Any CPU = Debug|Any CPU
		Release|Any CPU = Release|Any CPU
	EndGlobalSection
	GlobalSection(ProjectConfigurationPlatforms) = postSolution
		{9ECCCCDB-DDC5-4DD5-9B5E-7B95544AB85D}.Debug|Any CPU.ActiveCfg = Debug|Any CPU
		{9ECCCCDB-DDC5-4DD5-9B5E-7B95544AB85D}.Debug|Any CPU.Build.0 = Debug|Any CPU
		{9ECCCCDB-DDC5-4DD5-9B5E-7B95544AB85D}.Release|Any CPU.ActiveCfg = Release|Any CPU
		{9ECCCCDB-DDC5-4DD5-9B5E-7B95544AB85D}.Release|Any CPU.Build.0 = Release|Any CPU
	EndGlobalSection
	GlobalSection(SolutionProperties) = preSolution
		HideSolutionNode = FALSE
	EndGlobalSection
	GlobalSection(ExtensibilityGlobals) = postSolution
		SolutionGuid = {F0EA5404-D602-44D4-96BF-CAA56FFC89EE}
	EndGlobalSection
EndGlobal
